// !$*UTF8*$!
{
	archiveVersion = 1;
	classes = {
	};
	objectVersion = 46;
	objects = {

/* Begin PBXBuildFile section */
		FF75DBED1F40FB540096BF7E /* AppDelegate.swift in Sources */ = {isa = PBXBuildFile; fileRef = FF75DBEC1F40FB540096BF7E /* AppDelegate.swift */; };
		FF75DBEF1F40FB540096BF7E /* ViewController.swift in Sources */ = {isa = PBXBuildFile; fileRef = FF75DBEE1F40FB540096BF7E /* ViewController.swift */; };
		FF75DBF21F40FB540096BF7E /* Main.storyboard in Resources */ = {isa = PBXBuildFile; fileRef = FF75DBF01F40FB540096BF7E /* Main.storyboard */; };
		FF75DBF51F40FB540096BF7E /* Time_Flies_Beta_2_0.xcdatamodeld in Sources */ = {isa = PBXBuildFile; fileRef = FF75DBF31F40FB540096BF7E /* Time_Flies_Beta_2_0.xcdatamodeld */; };
		FF75DBF71F40FB540096BF7E /* Assets.xcassets in Resources */ = {isa = PBXBuildFile; fileRef = FF75DBF61F40FB540096BF7E /* Assets.xcassets */; };
		FF75DBFA1F40FB540096BF7E /* LaunchScreen.storyboard in Resources */ = {isa = PBXBuildFile; fileRef = FF75DBF81F40FB540096BF7E /* LaunchScreen.storyboard */; };
		FF75DC051F40FB540096BF7E /* Time_Flies_Beta_2_0Tests.swift in Sources */ = {isa = PBXBuildFile; fileRef = FF75DC041F40FB540096BF7E /* Time_Flies_Beta_2_0Tests.swift */; };
		FF75DC101F40FB540096BF7E /* Time_Flies_Beta_2_0UITests.swift in Sources */ = {isa = PBXBuildFile; fileRef = FF75DC0F1F40FB540096BF7E /* Time_Flies_Beta_2_0UITests.swift */; };
/* End PBXBuildFile section */

/* Begin PBXContainerItemProxy section */
		FF75DC011F40FB540096BF7E /* PBXContainerItemProxy */ = {
			isa = PBXContainerItemProxy;
			containerPortal = FF75DBE11F40FB540096BF7E /* Project object */;
			proxyType = 1;
			remoteGlobalIDString = FF75DBE81F40FB540096BF7E;
			remoteInfo = "Time Flies Beta 2.0";
		};
		FF75DC0C1F40FB540096BF7E /* PBXContainerItemProxy */ = {
			isa = PBXContainerItemProxy;
			containerPortal = FF75DBE11F40FB540096BF7E /* Project object */;
			proxyType = 1;
			remoteGlobalIDString = FF75DBE81F40FB540096BF7E;
			remoteInfo = "Time Flies Beta 2.0";
		};
/* End PBXContainerItemProxy section */

/* Begin PBXFileReference section */
		FF75DBE91F40FB540096BF7E /* Time Flies Beta 2.0.app */ = {isa = PBXFileReference; explicitFileType = wrapper.application; includeInIndex = 0; path = "Time Flies Beta 2.0.app"; sourceTree = BUILT_PRODUCTS_DIR; };
		FF75DBEC1F40FB540096BF7E /* AppDelegate.swift */ = {isa = PBXFileReference; lastKnownFileType = sourcecode.swift; path = AppDelegate.swift; sourceTree = "<group>"; };
		FF75DBEE1F40FB540096BF7E /* ViewController.swift */ = {isa = PBXFileReference; lastKnownFileType = sourcecode.swift; path = ViewController.swift; sourceTree = "<group>"; };
		FF75DBF11F40FB540096BF7E /* Base */ = {isa = PBXFileReference; lastKnownFileType = file.storyboard; name = Base; path = Base.lproj/Main.storyboard; sourceTree = "<group>"; };
		FF75DBF41F40FB540096BF7E /* Time_Flies_Beta_2_0.xcdatamodel */ = {isa = PBXFileReference; lastKnownFileType = wrapper.xcdatamodel; path = Time_Flies_Beta_2_0.xcdatamodel; sourceTree = "<group>"; };
		FF75DBF61F40FB540096BF7E /* Assets.xcassets */ = {isa = PBXFileReference; lastKnownFileType = folder.assetcatalog; path = Assets.xcassets; sourceTree = "<group>"; };
		FF75DBF91F40FB540096BF7E /* Base */ = {isa = PBXFileReference; lastKnownFileType = file.storyboard; name = Base; path = Base.lproj/LaunchScreen.storyboard; sourceTree = "<group>"; };
		FF75DBFB1F40FB540096BF7E /* Info.plist */ = {isa = PBXFileReference; lastKnownFileType = text.plist.xml; path = Info.plist; sourceTree = "<group>"; };
		FF75DC001F40FB540096BF7E /* Time Flies Beta 2.0Tests.xctest */ = {isa = PBXFileReference; explicitFileType = wrapper.cfbundle; includeInIndex = 0; path = "Time Flies Beta 2.0Tests.xctest"; sourceTree = BUILT_PRODUCTS_DIR; };
		FF75DC041F40FB540096BF7E /* Time_Flies_Beta_2_0Tests.swift */ = {isa = PBXFileReference; lastKnownFileType = sourcecode.swift; path = Time_Flies_Beta_2_0Tests.swift; sourceTree = "<group>"; };
		FF75DC061F40FB540096BF7E /* Info.plist */ = {isa = PBXFileReference; lastKnownFileType = text.plist.xml; path = Info.plist; sourceTree = "<group>"; };
		FF75DC0B1F40FB540096BF7E /* Time Flies Beta 2.0UITests.xctest */ = {isa = PBXFileReference; explicitFileType = wrapper.cfbundle; includeInIndex = 0; path = "Time Flies Beta 2.0UITests.xctest"; sourceTree = BUILT_PRODUCTS_DIR; };
		FF75DC0F1F40FB540096BF7E /* Time_Flies_Beta_2_0UITests.swift */ = {isa = PBXFileReference; lastKnownFileType = sourcecode.swift; path = Time_Flies_Beta_2_0UITests.swift; sourceTree = "<group>"; };
		FF75DC111F40FB540096BF7E /* Info.plist */ = {isa = PBXFileReference; lastKnownFileType = text.plist.xml; path = Info.plist; sourceTree = "<group>"; };
/* End PBXFileReference section */

/* Begin PBXFrameworksBuildPhase section */
		FF75DBE61F40FB540096BF7E /* Frameworks */ = {
			isa = PBXFrameworksBuildPhase;
			buildActionMask = 2147483647;
			files = (
			);
			runOnlyForDeploymentPostprocessing = 0;
		};
		FF75DBFD1F40FB540096BF7E /* Frameworks */ = {
			isa = PBXFrameworksBuildPhase;
			buildActionMask = 2147483647;
			files = (
			);
			runOnlyForDeploymentPostprocessing = 0;
		};
		FF75DC081F40FB540096BF7E /* Frameworks */ = {
			isa = PBXFrameworksBuildPhase;
			buildActionMask = 2147483647;
			files = (
			);
			runOnlyForDeploymentPostprocessing = 0;
		};
/* End PBXFrameworksBuildPhase section */

/* Begin PBXGroup section */
		FF75DBE01F40FB540096BF7E = {
			isa = PBXGroup;
			children = (
				FF75DBEB1F40FB540096BF7E /* Time Flies Beta 2.0 */,
				FF75DC031F40FB540096BF7E /* Time Flies Beta 2.0Tests */,
				FF75DC0E1F40FB540096BF7E /* Time Flies Beta 2.0UITests */,
				FF75DBEA1F40FB540096BF7E /* Products */,
			);
			sourceTree = "<group>";
		};
		FF75DBEA1F40FB540096BF7E /* Products */ = {
			isa = PBXGroup;
			children = (
				FF75DBE91F40FB540096BF7E /* Time Flies Beta 2.0.app */,
				FF75DC001F40FB540096BF7E /* Time Flies Beta 2.0Tests.xctest */,
				FF75DC0B1F40FB540096BF7E /* Time Flies Beta 2.0UITests.xctest */,
			);
			name = Products;
			sourceTree = "<group>";
		};
		FF75DBEB1F40FB540096BF7E /* Time Flies Beta 2.0 */ = {
			isa = PBXGroup;
			children = (
				FF75DBEC1F40FB540096BF7E /* AppDelegate.swift */,
				FF75DBEE1F40FB540096BF7E /* ViewController.swift */,
				FF75DBF01F40FB540096BF7E /* Main.storyboard */,
				FF75DBF61F40FB540096BF7E /* Assets.xcassets */,
				FF75DBF81F40FB540096BF7E /* LaunchScreen.storyboard */,
				FF75DBFB1F40FB540096BF7E /* Info.plist */,
				FF75DBF31F40FB540096BF7E /* Time_Flies_Beta_2_0.xcdatamodeld */,
			);
			path = "Time Flies Beta 2.0";
			sourceTree = "<group>";
		};
		FF75DC031F40FB540096BF7E /* Time Flies Beta 2.0Tests */ = {
			isa = PBXGroup;
			children = (
				FF75DC041F40FB540096BF7E /* Time_Flies_Beta_2_0Tests.swift */,
				FF75DC061F40FB540096BF7E /* Info.plist */,
			);
			path = "Time Flies Beta 2.0Tests";
			sourceTree = "<group>";
		};
		FF75DC0E1F40FB540096BF7E /* Time Flies Beta 2.0UITests */ = {
			isa = PBXGroup;
			children = (
				FF75DC0F1F40FB540096BF7E /* Time_Flies_Beta_2_0UITests.swift */,
				FF75DC111F40FB540096BF7E /* Info.plist */,
			);
			path = "Time Flies Beta 2.0UITests";
			sourceTree = "<group>";
		};
/* End PBXGroup section */

/* Begin PBXNativeTarget section */
		FF75DBE81F40FB540096BF7E /* Time Flies Beta 2.0 */ = {
			isa = PBXNativeTarget;
			buildConfigurationList = FF75DC141F40FB540096BF7E /* Build configuration list for PBXNativeTarget "Time Flies Beta 2.0" */;
			buildPhases = (
				FF75DBE51F40FB540096BF7E /* Sources */,
				FF75DBE61F40FB540096BF7E /* Frameworks */,
				FF75DBE71F40FB540096BF7E /* Resources */,
			);
			buildRules = (
			);
			dependencies = (
			);
			name = "Time Flies Beta 2.0";
			productName = "Time Flies Beta 2.0";
			productReference = FF75DBE91F40FB540096BF7E /* Time Flies Beta 2.0.app */;
			productType = "com.apple.product-type.application";
		};
		FF75DBFF1F40FB540096BF7E /* Time Flies Beta 2.0Tests */ = {
			isa = PBXNativeTarget;
			buildConfigurationList = FF75DC171F40FB540096BF7E /* Build configuration list for PBXNativeTarget "Time Flies Beta 2.0Tests" */;
			buildPhases = (
				FF75DBFC1F40FB540096BF7E /* Sources */,
				FF75DBFD1F40FB540096BF7E /* Frameworks */,
				FF75DBFE1F40FB540096BF7E /* Resources */,
			);
			buildRules = (
			);
			dependencies = (
				FF75DC021F40FB540096BF7E /* PBXTargetDependency */,
			);
			name = "Time Flies Beta 2.0Tests";
			productName = "Time Flies Beta 2.0Tests";
			productReference = FF75DC001F40FB540096BF7E /* Time Flies Beta 2.0Tests.xctest */;
			productType = "com.apple.product-type.bundle.unit-test";
		};
		FF75DC0A1F40FB540096BF7E /* Time Flies Beta 2.0UITests */ = {
			isa = PBXNativeTarget;
			buildConfigurationList = FF75DC1A1F40FB540096BF7E /* Build configuration list for PBXNativeTarget "Time Flies Beta 2.0UITests" */;
			buildPhases = (
				FF75DC071F40FB540096BF7E /* Sources */,
				FF75DC081F40FB540096BF7E /* Frameworks */,
				FF75DC091F40FB540096BF7E /* Resources */,
			);
			buildRules = (
			);
			dependencies = (
				FF75DC0D1F40FB540096BF7E /* PBXTargetDependency */,
			);
			name = "Time Flies Beta 2.0UITests";
			productName = "Time Flies Beta 2.0UITests";
			productReference = FF75DC0B1F40FB540096BF7E /* Time Flies Beta 2.0UITests.xctest */;
			productType = "com.apple.product-type.bundle.ui-testing";
		};
/* End PBXNativeTarget section */

/* Begin PBXProject section */
		FF75DBE11F40FB540096BF7E /* Project object */ = {
			isa = PBXProject;
			attributes = {
				LastSwiftUpdateCheck = 0830;
				LastUpgradeCheck = 0830;
				ORGANIZATIONNAME = "George Sarantinos";
				TargetAttributes = {
					FF75DBE81F40FB540096BF7E = {
						CreatedOnToolsVersion = 8.3.3;
						DevelopmentTeam = MRCBPUG82K;
						ProvisioningStyle = Automatic;
					};
					FF75DBFF1F40FB540096BF7E = {
						CreatedOnToolsVersion = 8.3.3;
						DevelopmentTeam = MRCBPUG82K;
						ProvisioningStyle = Automatic;
						TestTargetID = FF75DBE81F40FB540096BF7E;
					};
					FF75DC0A1F40FB540096BF7E = {
						CreatedOnToolsVersion = 8.3.3;
						DevelopmentTeam = MRCBPUG82K;
						ProvisioningStyle = Automatic;
						TestTargetID = FF75DBE81F40FB540096BF7E;
					};
				};
			};
			buildConfigurationList = FF75DBE41F40FB540096BF7E /* Build configuration list for PBXProject "Time Flies Beta 2.0" */;
			compatibilityVersion = "Xcode 3.2";
			developmentRegion = English;
			hasScannedForEncodings = 0;
			knownRegions = (
				en,
				Base,
			);
			mainGroup = FF75DBE01F40FB540096BF7E;
			productRefGroup = FF75DBEA1F40FB540096BF7E /* Products */;
			projectDirPath = "";
			projectRoot = "";
			targets = (
				FF75DBE81F40FB540096BF7E /* Time Flies Beta 2.0 */,
				FF75DBFF1F40FB540096BF7E /* Time Flies Beta 2.0Tests */,
				FF75DC0A1F40FB540096BF7E /* Time Flies Beta 2.0UITests */,
			);
		};
/* End PBXProject section */

/* Begin PBXResourcesBuildPhase section */
		FF75DBE71F40FB540096BF7E /* Resources */ = {
			isa = PBXResourcesBuildPhase;
			buildActionMask = 2147483647;
			files = (
				FF75DBFA1F40FB540096BF7E /* LaunchScreen.storyboard in Resources */,
				FF75DBF71F40FB540096BF7E /* Assets.xcassets in Resources */,
				FF75DBF21F40FB540096BF7E /* Main.storyboard in Resources */,
			);
			runOnlyForDeploymentPostprocessing = 0;
		};
		FF75DBFE1F40FB540096BF7E /* Resources */ = {
			isa = PBXResourcesBuildPhase;
			buildActionMask = 2147483647;
			files = (
			);
			runOnlyForDeploymentPostprocessing = 0;
		};
		FF75DC091F40FB540096BF7E /* Resources */ = {
			isa = PBXResourcesBuildPhase;
			buildActionMask = 2147483647;
			files = (
			);
			runOnlyForDeploymentPostprocessing = 0;
		};
/* End PBXResourcesBuildPhase section */

/* Begin PBXSourcesBuildPhase section */
		FF75DBE51F40FB540096BF7E /* Sources */ = {
			isa = PBXSourcesBuildPhase;
			buildActionMask = 2147483647;
			files = (
				FF75DBF51F40FB540096BF7E /* Time_Flies_Beta_2_0.xcdatamodeld in Sources */,
				FF75DBEF1F40FB540096BF7E /* ViewController.swift in Sources */,
				FF75DBED1F40FB540096BF7E /* AppDelegate.swift in Sources */,
			);
			runOnlyForDeploymentPostprocessing = 0;
		};
		FF75DBFC1F40FB540096BF7E /* Sources */ = {
			isa = PBXSourcesBuildPhase;
			buildActionMask = 2147483647;
			files = (
				FF75DC051F40FB540096BF7E /* Time_Flies_Beta_2_0Tests.swift in Sources */,
			);
			runOnlyForDeploymentPostprocessing = 0;
		};
		FF75DC071F40FB540096BF7E /* Sources */ = {
			isa = PBXSourcesBuildPhase;
			buildActionMask = 2147483647;
			files = (
				FF75DC101F40FB540096BF7E /* Time_Flies_Beta_2_0UITests.swift in Sources */,
			);
			runOnlyForDeploymentPostprocessing = 0;
		};
/* End PBXSourcesBuildPhase section */

/* Begin PBXTargetDependency section */
		FF75DC021F40FB540096BF7E /* PBXTargetDependency */ = {
			isa = PBXTargetDependency;
			target = FF75DBE81F40FB540096BF7E /* Time Flies Beta 2.0 */;
			targetProxy = FF75DC011F40FB540096BF7E /* PBXContainerItemProxy */;
		};
		FF75DC0D1F40FB540096BF7E /* PBXTargetDependency */ = {
			isa = PBXTargetDependency;
			target = FF75DBE81F40FB540096BF7E /* Time Flies Beta 2.0 */;
			targetProxy = FF75DC0C1F40FB540096BF7E /* PBXContainerItemProxy */;
		};
/* End PBXTargetDependency section */

/* Begin PBXVariantGroup section */
		FF75DBF01F40FB540096BF7E /* Main.storyboard */ = {
			isa = PBXVariantGroup;
			children = (
				FF75DBF11F40FB540096BF7E /* Base */,
			);
			name = Main.storyboard;
			sourceTree = "<group>";
		};
		FF75DBF81F40FB540096BF7E /* LaunchScreen.storyboard */ = {
			isa = PBXVariantGroup;
			children = (
				FF75DBF91F40FB540096BF7E /* Base */,
			);
			name = LaunchScreen.storyboard;
			sourceTree = "<group>";
		};
/* End PBXVariantGroup section */

/* Begin XCBuildConfiguration section */
		FF75DC121F40FB540096BF7E /* Debug */ = {
			isa = XCBuildConfiguration;
			buildSettings = {
				ALWAYS_SEARCH_USER_PATHS = NO;
				CLANG_ANALYZER_NONNULL = YES;
				CLANG_ANALYZER_NUMBER_OBJECT_CONVERSION = YES_AGGRESSIVE;
				CLANG_CXX_LANGUAGE_STANDARD = "gnu++0x";
				CLANG_CXX_LIBRARY = "libc++";
				CLANG_ENABLE_MODULES = YES;
				CLANG_ENABLE_OBJC_ARC = YES;
				CLANG_WARN_BOOL_CONVERSION = YES;
				CLANG_WARN_CONSTANT_CONVERSION = YES;
				CLANG_WARN_DIRECT_OBJC_ISA_USAGE = YES_ERROR;
				CLANG_WARN_DOCUMENTATION_COMMENTS = YES;
				CLANG_WARN_EMPTY_BODY = YES;
				CLANG_WARN_ENUM_CONVERSION = YES;
				CLANG_WARN_INFINITE_RECURSION = YES;
				CLANG_WARN_INT_CONVERSION = YES;
				CLANG_WARN_OBJC_ROOT_CLASS = YES_ERROR;
				CLANG_WARN_SUSPICIOUS_MOVE = YES;
				CLANG_WARN_UNREACHABLE_CODE = YES;
				CLANG_WARN__DUPLICATE_METHOD_MATCH = YES;
				"CODE_SIGN_IDENTITY[sdk=iphoneos*]" = "iPhone Developer";
				COPY_PHASE_STRIP = NO;
				DEBUG_INFORMATION_FORMAT = dwarf;
				ENABLE_STRICT_OBJC_MSGSEND = YES;
				ENABLE_TESTABILITY = YES;
				GCC_C_LANGUAGE_STANDARD = gnu99;
				GCC_DYNAMIC_NO_PIC = NO;
				GCC_NO_COMMON_BLOCKS = YES;
				GCC_OPTIMIZATION_LEVEL = 0;
				GCC_PREPROCESSOR_DEFINITIONS = (
					"DEBUG=1",
					"$(inherited)",
				);
				GCC_WARN_64_TO_32_BIT_CONVERSION = YES;
				GCC_WARN_ABOUT_RETURN_TYPE = YES_ERROR;
				GCC_WARN_UNDECLARED_SELECTOR = YES;
				GCC_WARN_UNINITIALIZED_AUTOS = YES_AGGRESSIVE;
				GCC_WARN_UNUSED_FUNCTION = YES;
				GCC_WARN_UNUSED_VARIABLE = YES;
				IPHONEOS_DEPLOYMENT_TARGET = 10.3;
				MTL_ENABLE_DEBUG_INFO = YES;
				ONLY_ACTIVE_ARCH = YES;
				SDKROOT = iphoneos;
				SWIFT_ACTIVE_COMPILATION_CONDITIONS = DEBUG;
				SWIFT_OPTIMIZATION_LEVEL = "-Onone";
				TARGETED_DEVICE_FAMILY = "1,2";
			};
			name = Debug;
		};
		FF75DC131F40FB540096BF7E /* Release */ = {
			isa = XCBuildConfiguration;
			buildSettings = {
				ALWAYS_SEARCH_USER_PATHS = NO;
				CLANG_ANALYZER_NONNULL = YES;
				CLANG_ANALYZER_NUMBER_OBJECT_CONVERSION = YES_AGGRESSIVE;
				CLANG_CXX_LANGUAGE_STANDARD = "gnu++0x";
				CLANG_CXX_LIBRARY = "libc++";
				CLANG_ENABLE_MODULES = YES;
				CLANG_ENABLE_OBJC_ARC = YES;
				CLANG_WARN_BOOL_CONVERSION = YES;
				CLANG_WARN_CONSTANT_CONVERSION = YES;
				CLANG_WARN_DIRECT_OBJC_ISA_USAGE = YES_ERROR;
				CLANG_WARN_DOCUMENTATION_COMMENTS = YES;
				CLANG_WARN_EMPTY_BODY = YES;
				CLANG_WARN_ENUM_CONVERSION = YES;
				CLANG_WARN_INFINITE_RECURSION = YES;
				CLANG_WARN_INT_CONVERSION = YES;
				CLANG_WARN_OBJC_ROOT_CLASS = YES_ERROR;
				CLANG_WARN_SUSPICIOUS_MOVE = YES;
				CLANG_WARN_UNREACHABLE_CODE = YES;
				CLANG_WARN__DUPLICATE_METHOD_MATCH = YES;
				"CODE_SIGN_IDENTITY[sdk=iphoneos*]" = "iPhone Developer";
				COPY_PHASE_STRIP = NO;
				DEBUG_INFORMATION_FORMAT = "dwarf-with-dsym";
				ENABLE_NS_ASSERTIONS = NO;
				ENABLE_STRICT_OBJC_MSGSEND = YES;
				GCC_C_LANGUAGE_STANDARD = gnu99;
				GCC_NO_COMMON_BLOCKS = YES;
				GCC_WARN_64_TO_32_BIT_CONVERSION = YES;
				GCC_WARN_ABOUT_RETURN_TYPE = YES_ERROR;
				GCC_WARN_UNDECLARED_SELECTOR = YES;
				GCC_WARN_UNINITIALIZED_AUTOS = YES_AGGRESSIVE;
				GCC_WARN_UNUSED_FUNCTION = YES;
				GCC_WARN_UNUSED_VARIABLE = YES;
				IPHONEOS_DEPLOYMENT_TARGET = 10.3;
				MTL_ENABLE_DEBUG_INFO = NO;
				SDKROOT = iphoneos;
				SWIFT_OPTIMIZATION_LEVEL = "-Owholemodule";
				TARGETED_DEVICE_FAMILY = "1,2";
				VALIDATE_PRODUCT = YES;
			};
			name = Release;
		};
		FF75DC151F40FB540096BF7E /* Debug */ = {
			isa = XCBuildConfiguration;
			buildSettings = {
				ASSETCATALOG_COMPILER_APPICON_NAME = AppIcon;
				DEVELOPMENT_TEAM = MRCBPUG82K;
				INFOPLIST_FILE = "Time Flies Beta 2.0/Info.plist";
				LD_RUNPATH_SEARCH_PATHS = "$(inherited) @executable_path/Frameworks";
				PRODUCT_BUNDLE_IDENTIFIER = "George-Sarantinos.Time-Flies-Beta-2-0";
				PRODUCT_NAME = "$(TARGET_NAME)";
				SWIFT_VERSION = 3.0;
			};
			name = Debug;
		};
		FF75DC161F40FB540096BF7E /* Release */ = {
			isa = XCBuildConfiguration;
			buildSettings = {
				ASSETCATALOG_COMPILER_APPICON_NAME = AppIcon;
				DEVELOPMENT_TEAM = MRCBPUG82K;
				INFOPLIST_FILE = "Time Flies Beta 2.0/Info.plist";
				LD_RUNPATH_SEARCH_PATHS = "$(inherited) @executable_path/Frameworks";
				PRODUCT_BUNDLE_IDENTIFIER = "George-Sarantinos.Time-Flies-Beta-2-0";
				PRODUCT_NAME = "$(TARGET_NAME)";
				SWIFT_VERSION = 3.0;
			};
			name = Release;
		};
		FF75DC181F40FB540096BF7E /* Debug */ = {
			isa = XCBuildConfiguration;
			buildSettings = {
				ALWAYS_EMBED_SWIFT_STANDARD_LIBRARIES = YES;
				BUNDLE_LOADER = "$(TEST_HOST)";
				DEVELOPMENT_TEAM = MRCBPUG82K;
				INFOPLIST_FILE = "Time Flies Beta 2.0Tests/Info.plist";
				LD_RUNPATH_SEARCH_PATHS = "$(inherited) @executable_path/Frameworks @loader_path/Frameworks";
				PRODUCT_BUNDLE_IDENTIFIER = "George-Sarantinos.Time-Flies-Beta-2-0Tests";
				PRODUCT_NAME = "$(TARGET_NAME)";
				SWIFT_VERSION = 3.0;
				TEST_HOST = "$(BUILT_PRODUCTS_DIR)/Time Flies Beta 2.0.app/Time Flies Beta 2.0";
			};
			name = Debug;
		};
		FF75DC191F40FB540096BF7E /* Release */ = {
			isa = XCBuildConfiguration;
			buildSettings = {
				ALWAYS_EMBED_SWIFT_STANDARD_LIBRARIES = YES;
				BUNDLE_LOADER = "$(TEST_HOST)";
				DEVELOPMENT_TEAM = MRCBPUG82K;
				INFOPLIST_FILE = "Time Flies Beta 2.0Tests/Info.plist";
				LD_RUNPATH_SEARCH_PATHS = "$(inherited) @executable_path/Frameworks @loader_path/Frameworks";
				PRODUCT_BUNDLE_IDENTIFIER = "George-Sarantinos.Time-Flies-Beta-2-0Tests";
				PRODUCT_NAME = "$(TARGET_NAME)";
				SWIFT_VERSION = 3.0;
				TEST_HOST = "$(BUILT_PRODUCTS_DIR)/Time Flies Beta 2.0.app/Time Flies Beta 2.0";
			};
			name = Release;
		};
		FF75DC1B1F40FB540096BF7E /* Debug */ = {
			isa = XCBuildConfiguration;
			buildSettings = {
				ALWAYS_EMBED_SWIFT_STANDARD_LIBRARIES = YES;
				DEVELOPMENT_TEAM = MRCBPUG82K;
				INFOPLIST_FILE = "Time Flies Beta 2.0UITests/Info.plist";
				LD_RUNPATH_SEARCH_PATHS = "$(inherited) @executable_path/Frameworks @loader_path/Frameworks";
				PRODUCT_BUNDLE_IDENTIFIER = "George-Sarantinos.Time-Flies-Beta-2-0UITests";
				PRODUCT_NAME = "$(TARGET_NAME)";
				SWIFT_VERSION = 3.0;
				TEST_TARGET_NAME = "Time Flies Beta 2.0";
			};
			name = Debug;
		};
		FF75DC1C1F40FB540096BF7E /* Release */ = {
			isa = XCBuildConfiguration;
			buildSettings = {
				ALWAYS_EMBED_SWIFT_STANDARD_LIBRARIES = YES;
				DEVELOPMENT_TEAM = MRCBPUG82K;
				INFOPLIST_FILE = "Time Flies Beta 2.0UITests/Info.plist";
				LD_RUNPATH_SEARCH_PATHS = "$(inherited) @executable_path/Frameworks @loader_path/Frameworks";
				PRODUCT_BUNDLE_IDENTIFIER = "George-Sarantinos.Time-Flies-Beta-2-0UITests";
				PRODUCT_NAME = "$(TARGET_NAME)";
				SWIFT_VERSION = 3.0;
				TEST_TARGET_NAME = "Time Flies Beta 2.0";
			};
			name = Release;
		};
/* End XCBuildConfiguration section */

/* Begin XCConfigurationList section */
		FF75DBE41F40FB540096BF7E /* Build configuration list for PBXProject "Time Flies Beta 2.0" */ = {
			isa = XCConfigurationList;
			buildConfigurations = (
				FF75DC121F40FB540096BF7E /* Debug */,
				FF75DC131F40FB540096BF7E /* Release */,
			);
			defaultConfigurationIsVisible = 0;
			defaultConfigurationName = Release;
		};
		FF75DC141F40FB540096BF7E /* Build configuration list for PBXNativeTarget "Time Flies Beta 2.0" */ = {
			isa = XCConfigurationList;
			buildConfigurations = (
				FF75DC151F40FB540096BF7E /* Debug */,
				FF75DC161F40FB540096BF7E /* Release */,
			);
			defaultConfigurationIsVisible = 0;
		};
		FF75DC171F40FB540096BF7E /* Build configuration list for PBXNativeTarget "Time Flies Beta 2.0Tests" */ = {
			isa = XCConfigurationList;
			buildConfigurations = (
				FF75DC181F40FB540096BF7E /* Debug */,
				FF75DC191F40FB540096BF7E /* Release */,
			);
			defaultConfigurationIsVisible = 0;
		};
		FF75DC1A1F40FB540096BF7E /* Build configuration list for PBXNativeTarget "Time Flies Beta 2.0UITests" */ = {
			isa = XCConfigurationList;
			buildConfigurations = (
				FF75DC1B1F40FB540096BF7E /* Debug */,
				FF75DC1C1F40FB540096BF7E /* Release */,
			);
			defaultConfigurationIsVisible = 0;
		};
/* End XCConfigurationList section */

/* Begin XCVersionGroup section */
		FF75DBF31F40FB540096BF7E /* Time_Flies_Beta_2_0.xcdatamodeld */ = {
			isa = XCVersionGroup;
			children = (
				FF75DBF41F40FB540096BF7E /* Time_Flies_Beta_2_0.xcdatamodel */,
			);
			currentVersion = FF75DBF41F40FB540096BF7E /* Time_Flies_Beta_2_0.xcdatamodel */;
			path = Time_Flies_Beta_2_0.xcdatamodeld;
			sourceTree = "<group>";
			versionGroupType = wrapper.xcdatamodel;
		};
/* End XCVersionGroup section */
	};
	rootObject = FF75DBE11F40FB540096BF7E /* Project object */;
}
